
Microsoft Visual Studio Solution File, Format Version 12.00
# Visual Studio Version 17
VisualStudioVersion = 17.11.35327.3
MinimumVisualStudioVersion = 10.0.40219.1
Project("{FAE04EC0-301F-11D3-BF4B-00C04F79EFBC}") = "AlgorithmsVisualisation", "AlgorithmsVisualisation\AlgorithmsVisualisation.csproj", "{F18A9BB0-0FEF-40ED-8621-88CE79776CA0}"
EndProject
Global
	GlobalSection(SolutionConfigurationPlatforms) = preSolution
		Debug|Any CPU = Debug|Any CPU
		Release|Any CPU = Release|Any CPU
	EndGlobalSection
	GlobalSection(ProjectConfigurationPlatforms) = postSolution
		{F18A9BB0-0FEF-40ED-8621-88CE79776CA0}.Debug|Any CPU.ActiveCfg = Debug|Any CPU
		{F18A9BB0-0FEF-40ED-8621-88CE79776CA0}.Debug|Any CPU.Build.0 = Debug|Any CPU
		{F18A9BB0-0FEF-40ED-8621-88CE79776CA0}.Release|Any CPU.ActiveCfg = Release|Any CPU
		{F18A9BB0-0FEF-40ED-8621-88CE79776CA0}.Release|Any CPU.Build.0 = Release|Any CPU
	EndGlobalSection
	GlobalSection(SolutionProperties) = preSolution
		HideSolutionNode = FALSE
	EndGlobalSection
	GlobalSection(ExtensibilityGlobals) = postSolution
		SolutionGuid = {64B9D715-22B2-4FED-A108-862A73506B10}
	EndGlobalSection
EndGlobal
